
Microsoft Visual Studio Solution File, Format Version 12.00
# Visual Studio Version 17
VisualStudioVersion = 17.10.35004.147
MinimumVisualStudioVersion = 10.0.40219.1
Project("{FAE04EC0-301F-11D3-BF4B-00C04F79EFBC}") = "ResidentAlien", "ResidentAlien.csproj", "{1CF43D9F-7070-4D23-B8C8-EEAA35916E54}"
EndProject
Global
	GlobalSection(SolutionConfigurationPlatforms) = preSolution
		Debug|Any CPU = Debug|Any CPU
		Release|Any CPU = Release|Any CPU
	EndGlobalSection
	GlobalSection(ProjectConfigurationPlatforms) = postSolution
		{1CF43D9F-7070-4D23-B8C8-EEAA35916E54}.Debug|Any CPU.ActiveCfg = Debug|Any CPU
		{1CF43D9F-7070-4D23-B8C8-EEAA35916E54}.Debug|Any CPU.Build.0 = Debug|Any CPU
		{1CF43D9F-7070-4D23-B8C8-EEAA35916E54}.Release|Any CPU.ActiveCfg = Release|Any CPU
		{1CF43D9F-7070-4D23-B8C8-EEAA35916E54}.Release|Any CPU.Build.0 = Release|Any CPU
	EndGlobalSection
	GlobalSection(SolutionProperties) = preSolution
		HideSolutionNode = FALSE
	EndGlobalSection
	GlobalSection(ExtensibilityGlobals) = postSolution
		SolutionGuid = {90722E32-D9B0-443A-A0D8-ECC72E7E0882}
	EndGlobalSection
EndGlobal
